
Microsoft Visual Studio Solution File, Format Version 12.00
# Visual Studio Version 16
VisualStudioVersion = 16.0.29926.136
MinimumVisualStudioVersion = 10.0.40219.1
Project("{8BC9CEB8-8B4A-11D0-8D11-00A0C91BC942}") = "SingletonDesignMode", "SingletonDesignMode\SingletonDesignMode.vcxproj", "{B063EE9D-C724-4ADD-901A-32F672C6BBEA}"
EndProject
Project("{8BC9CEB8-8B4A-11D0-8D11-00A0C91BC942}") = "SimpleFactoryMode", "SimpleFactory\SimpleFactory.vcxproj", "{3042D051-D243-402D-8C41-21D876EB4711}"
EndProject
Project("{8BC9CEB8-8B4A-11D0-8D11-00A0C91BC942}") = "FactoryMode", "FactoryMode\FactoryMode.vcxproj", "{9ED15D88-98B8-43F8-A234-F70234C9A2B9}"
EndProject
Project("{8BC9CEB8-8B4A-11D0-8D11-00A0C91BC942}") = "AbstractFactoryMode", "AbstractFactoryMode\AbstractFactoryMode.vcxproj", "{46AAB358-13BD-4CB6-87AF-E0366C189814}"
EndProject
Project("{8BC9CEB8-8B4A-11D0-8D11-00A0C91BC942}") = "ConstructorMode", "ConstructorMode\ConstructorMode.vcxproj", "{42B88944-BB49-415F-A202-EA223E655033}"
EndProject
Project("{8BC9CEB8-8B4A-11D0-8D11-00A0C91BC942}") = "Prototype", "Prototype\Prototype.vcxproj", "{A0D0B47F-22A3-4700-92D4-8F31CA21D4EB}"
EndProject
Project("{8BC9CEB8-8B4A-11D0-8D11-00A0C91BC942}") = "ProxyMode", "ProxyMode\ProxyMode.vcxproj", "{8CEECDDE-2A40-4386-954B-2399975E4C86}"
EndProject
Project("{8BC9CEB8-8B4A-11D0-8D11-00A0C91BC942}") = "DecorateMode", "DecorateMode\DecorateMode.vcxproj", "{CF799DF7-C014-409E-95E3-6920F1ED5DDE}"
EndProject
Project("{8BC9CEB8-8B4A-11D0-8D11-00A0C91BC942}") = "AdapterMode", "AdapterMode\AdapterMode.vcxproj", "{24E19310-5EC5-4804-B85F-C99C3316A001}"
EndProject
Project("{8BC9CEB8-8B4A-11D0-8D11-00A0C91BC942}") = "BridgeMode", "BridgeMode\BridgeMode.vcxproj", "{06ED74E2-AAEE-4D4C-B8AF-1C8838108BB9}"
EndProject
Project("{8BC9CEB8-8B4A-11D0-8D11-00A0C91BC942}") = "ComPositeMode", "ComPositeMode\ComPositeMode.vcxproj", "{87A1637C-B055-4696-9CA6-F0B911ACC0D0}"
EndProject
Project("{8BC9CEB8-8B4A-11D0-8D11-00A0C91BC942}") = "FacadeMode", "FacadeMode\FacadeMode.vcxproj", "{3CBB978B-F615-454A-9834-836B5F43C8F7}"
EndProject
Project("{8BC9CEB8-8B4A-11D0-8D11-00A0C91BC942}") = "FlyWeightMode", "FlyWeightMode\FlyWeightMode.vcxproj", "{DDB01A89-DF35-4810-BB6E-AC39E199A9E5}"
EndProject
Project("{8BC9CEB8-8B4A-11D0-8D11-00A0C91BC942}") = "TemplateMode", "TemplateMode\TemplateMode.vcxproj", "{18A09B61-5CED-4BF7-A3F7-CDCAD294D474}"
EndProject
Global
	GlobalSection(SolutionConfigurationPlatforms) = preSolution
		Debug|x64 = Debug|x64
		Debug|x86 = Debug|x86
		Release|x64 = Release|x64
		Release|x86 = Release|x86
	EndGlobalSection
	GlobalSection(ProjectConfigurationPlatforms) = postSolution
		{B063EE9D-C724-4ADD-901A-32F672C6BBEA}.Debug|x64.ActiveCfg = Debug|x64
		{B063EE9D-C724-4ADD-901A-32F672C6BBEA}.Debug|x64.Build.0 = Debug|x64
		{B063EE9D-C724-4ADD-901A-32F672C6BBEA}.Debug|x86.ActiveCfg = Debug|Win32
		{B063EE9D-C724-4ADD-901A-32F672C6BBEA}.Debug|x86.Build.0 = Debug|Win32
		{B063EE9D-C724-4ADD-901A-32F672C6BBEA}.Release|x64.ActiveCfg = Release|x64
		{B063EE9D-C724-4ADD-901A-32F672C6BBEA}.Release|x64.Build.0 = Release|x64
		{B063EE9D-C724-4ADD-901A-32F672C6BBEA}.Release|x86.ActiveCfg = Release|Win32
		{B063EE9D-C724-4ADD-901A-32F672C6BBEA}.Release|x86.Build.0 = Release|Win32
		{3042D051-D243-402D-8C41-21D876EB4711}.Debug|x64.ActiveCfg = Debug|x64
		{3042D051-D243-402D-8C41-21D876EB4711}.Debug|x64.Build.0 = Debug|x64
		{3042D051-D243-402D-8C41-21D876EB4711}.Debug|x86.ActiveCfg = Debug|Win32
		{3042D051-D243-402D-8C41-21D876EB4711}.Debug|x86.Build.0 = Debug|Win32
		{3042D051-D243-402D-8C41-21D876EB4711}.Release|x64.ActiveCfg = Release|x64
		{3042D051-D243-402D-8C41-21D876EB4711}.Release|x64.Build.0 = Release|x64
		{3042D051-D243-402D-8C41-21D876EB4711}.Release|x86.ActiveCfg = Release|Win32
		{3042D051-D243-402D-8C41-21D876EB4711}.Release|x86.Build.0 = Release|Win32
		{9ED15D88-98B8-43F8-A234-F70234C9A2B9}.Debug|x64.ActiveCfg = Debug|x64
		{9ED15D88-98B8-43F8-A234-F70234C9A2B9}.Debug|x64.Build.0 = Debug|x64
		{9ED15D88-98B8-43F8-A234-F70234C9A2B9}.Debug|x86.ActiveCfg = Debug|Win32
		{9ED15D88-98B8-43F8-A234-F70234C9A2B9}.Debug|x86.Build.0 = Debug|Win32
		{9ED15D88-98B8-43F8-A234-F70234C9A2B9}.Release|x64.ActiveCfg = Release|x64
		{9ED15D88-98B8-43F8-A234-F70234C9A2B9}.Release|x64.Build.0 = Release|x64
		{9ED15D88-98B8-43F8-A234-F70234C9A2B9}.Release|x86.ActiveCfg = Release|Win32
		{9ED15D88-98B8-43F8-A234-F70234C9A2B9}.Release|x86.Build.0 = Release|Win32
		{46AAB358-13BD-4CB6-87AF-E0366C189814}.Debug|x64.ActiveCfg = Debug|x64
		{46AAB358-13BD-4CB6-87AF-E0366C189814}.Debug|x64.Build.0 = Debug|x64
		{46AAB358-13BD-4CB6-87AF-E0366C189814}.Debug|x86.ActiveCfg = Debug|Win32
		{46AAB358-13BD-4CB6-87AF-E0366C189814}.Debug|x86.Build.0 = Debug|Win32
		{46AAB358-13BD-4CB6-87AF-E0366C189814}.Release|x64.ActiveCfg = Release|x64
		{46AAB358-13BD-4CB6-87AF-E0366C189814}.Release|x64.Build.0 = Release|x64
		{46AAB358-13BD-4CB6-87AF-E0366C189814}.Release|x86.ActiveCfg = Release|Win32
		{46AAB358-13BD-4CB6-87AF-E0366C189814}.Release|x86.Build.0 = Release|Win32
		{42B88944-BB49-415F-A202-EA223E655033}.Debug|x64.ActiveCfg = Debug|x64
		{42B88944-BB49-415F-A202-EA223E655033}.Debug|x64.Build.0 = Debug|x64
		{42B88944-BB49-415F-A202-EA223E655033}.Debug|x86.ActiveCfg = Debug|Win32
		{42B88944-BB49-415F-A202-EA223E655033}.Debug|x86.Build.0 = Debug|Win32
		{42B88944-BB49-415F-A202-EA223E655033}.Release|x64.ActiveCfg = Release|x64
		{42B88944-BB49-415F-A202-EA223E655033}.Release|x64.Build.0 = Release|x64
		{42B88944-BB49-415F-A202-EA223E655033}.Release|x86.ActiveCfg = Release|Win32
		{42B88944-BB49-415F-A202-EA223E655033}.Release|x86.Build.0 = Release|Win32
		{A0D0B47F-22A3-4700-92D4-8F31CA21D4EB}.Debug|x64.ActiveCfg = Debug|x64
		{A0D0B47F-22A3-4700-92D4-8F31CA21D4EB}.Debug|x64.Build.0 = Debug|x64
		{A0D0B47F-22A3-4700-92D4-8F31CA21D4EB}.Debug|x86.ActiveCfg = Debug|Win32
		{A0D0B47F-22A3-4700-92D4-8F31CA21D4EB}.Debug|x86.Build.0 = Debug|Win32
		{A0D0B47F-22A3-4700-92D4-8F31CA21D4EB}.Release|x64.ActiveCfg = Release|x64
		{A0D0B47F-22A3-4700-92D4-8F31CA21D4EB}.Release|x64.Build.0 = Release|x64
		{A0D0B47F-22A3-4700-92D4-8F31CA21D4EB}.Release|x86.ActiveCfg = Release|Win32
		{A0D0B47F-22A3-4700-92D4-8F31CA21D4EB}.Release|x86.Build.0 = Release|Win32
		{8CEECDDE-2A40-4386-954B-2399975E4C86}.Debug|x64.ActiveCfg = Debug|x64
		{8CEECDDE-2A40-4386-954B-2399975E4C86}.Debug|x64.Build.0 = Debug|x64
		{8CEECDDE-2A40-4386-954B-2399975E4C86}.Debug|x86.ActiveCfg = Debug|Win32
		{8CEECDDE-2A40-4386-954B-2399975E4C86}.Debug|x86.Build.0 = Debug|Win32
		{8CEECDDE-2A40-4386-954B-2399975E4C86}.Release|x64.ActiveCfg = Release|x64
		{8CEECDDE-2A40-4386-954B-2399975E4C86}.Release|x64.Build.0 = Release|x64
		{8CEECDDE-2A40-4386-954B-2399975E4C86}.Release|x86.ActiveCfg = Release|Win32
		{8CEECDDE-2A40-4386-954B-2399975E4C86}.Release|x86.Build.0 = Release|Win32
		{CF799DF7-C014-409E-95E3-6920F1ED5DDE}.Debug|x64.ActiveCfg = Debug|x64
		{CF799DF7-C014-409E-95E3-6920F1ED5DDE}.Debug|x64.Build.0 = Debug|x64
		{CF799DF7-C014-409E-95E3-6920F1ED5DDE}.Debug|x86.ActiveCfg = Debug|Win32
		{CF799DF7-C014-409E-95E3-6920F1ED5DDE}.Debug|x86.Build.0 = Debug|Win32
		{CF799DF7-C014-409E-95E3-6920F1ED5DDE}.Release|x64.ActiveCfg = Release|x64
		{CF799DF7-C014-409E-95E3-6920F1ED5DDE}.Release|x64.Build.0 = Release|x64
		{CF799DF7-C014-409E-95E3-6920F1ED5DDE}.Release|x86.ActiveCfg = Release|Win32
		{CF799DF7-C014-409E-95E3-6920F1ED5DDE}.Release|x86.Build.0 = Release|Win32
		{24E19310-5EC5-4804-B85F-C99C3316A001}.Debug|x64.ActiveCfg = Debug|x64
		{24E19310-5EC5-4804-B85F-C99C3316A001}.Debug|x64.Build.0 = Debug|x64
		{24E19310-5EC5-4804-B85F-C99C3316A001}.Debug|x86.ActiveCfg = Debug|Win32
		{24E19310-5EC5-4804-B85F-C99C3316A001}.Debug|x86.Build.0 = Debug|Win32
		{24E19310-5EC5-4804-B85F-C99C3316A001}.Release|x64.ActiveCfg = Release|x64
		{24E19310-5EC5-4804-B85F-C99C3316A001}.Release|x64.Build.0 = Release|x64
		{24E19310-5EC5-4804-B85F-C99C3316A001}.Release|x86.ActiveCfg = Release|Win32
		{24E19310-5EC5-4804-B85F-C99C3316A001}.Release|x86.Build.0 = Release|Win32
		{06ED74E2-AAEE-4D4C-B8AF-1C8838108BB9}.Debug|x64.ActiveCfg = Debug|x64
		{06ED74E2-AAEE-4D4C-B8AF-1C8838108BB9}.Debug|x64.Build.0 = Debug|x64
		{06ED74E2-AAEE-4D4C-B8AF-1C8838108BB9}.Debug|x86.ActiveCfg = Debug|Win32
		{06ED74E2-AAEE-4D4C-B8AF-1C8838108BB9}.Debug|x86.Build.0 = Debug|Win32
		{06ED74E2-AAEE-4D4C-B8AF-1C8838108BB9}.Release|x64.ActiveCfg = Release|x64
		{06ED74E2-AAEE-4D4C-B8AF-1C8838108BB9}.Release|x64.Build.0 = Release|x64
		{06ED74E2-AAEE-4D4C-B8AF-1C8838108BB9}.Release|x86.ActiveCfg = Release|Win32
		{06ED74E2-AAEE-4D4C-B8AF-1C8838108BB9}.Release|x86.Build.0 = Release|Win32
		{87A1637C-B055-4696-9CA6-F0B911ACC0D0}.Debug|x64.ActiveCfg = Debug|x64
		{87A1637C-B055-4696-9CA6-F0B911ACC0D0}.Debug|x64.Build.0 = Debug|x64
		{87A1637C-B055-4696-9CA6-F0B911ACC0D0}.Debug|x86.ActiveCfg = Debug|Win32
		{87A1637C-B055-4696-9CA6-F0B911ACC0D0}.Debug|x86.Build.0 = Debug|Win32
		{87A1637C-B055-4696-9CA6-F0B911ACC0D0}.Release|x64.ActiveCfg = Release|x64
		{87A1637C-B055-4696-9CA6-F0B911ACC0D0}.Release|x64.Build.0 = Release|x64
		{87A1637C-B055-4696-9CA6-F0B911ACC0D0}.Release|x86.ActiveCfg = Release|Win32
		{87A1637C-B055-4696-9CA6-F0B911ACC0D0}.Release|x86.Build.0 = Release|Win32
		{3CBB978B-F615-454A-9834-836B5F43C8F7}.Debug|x64.ActiveCfg = Debug|x64
		{3CBB978B-F615-454A-9834-836B5F43C8F7}.Debug|x64.Build.0 = Debug|x64
		{3CBB978B-F615-454A-9834-836B5F43C8F7}.Debug|x86.ActiveCfg = Debug|Win32
		{3CBB978B-F615-454A-9834-836B5F43C8F7}.Debug|x86.Build.0 = Debug|Win32
		{3CBB978B-F615-454A-9834-836B5F43C8F7}.Release|x64.ActiveCfg = Release|x64
		{3CBB978B-F615-454A-9834-836B5F43C8F7}.Release|x64.Build.0 = Release|x64
		{3CBB978B-F615-454A-9834-836B5F43C8F7}.Release|x86.ActiveCfg = Release|Win32
		{3CBB978B-F615-454A-9834-836B5F43C8F7}.Release|x86.Build.0 = Release|Win32
		{DDB01A89-DF35-4810-BB6E-AC39E199A9E5}.Debug|x64.ActiveCfg = Debug|x64
		{DDB01A89-DF35-4810-BB6E-AC39E199A9E5}.Debug|x64.Build.0 = Debug|x64
		{DDB01A89-DF35-4810-BB6E-AC39E199A9E5}.Debug|x86.ActiveCfg = Debug|Win32
		{DDB01A89-DF35-4810-BB6E-AC39E199A9E5}.Debug|x86.Build.0 = Debug|Win32
		{DDB01A89-DF35-4810-BB6E-AC39E199A9E5}.Release|x64.ActiveCfg = Release|x64
		{DDB01A89-DF35-4810-BB6E-AC39E199A9E5}.Release|x64.Build.0 = Release|x64
		{DDB01A89-DF35-4810-BB6E-AC39E199A9E5}.Release|x86.ActiveCfg = Release|Win32
		{DDB01A89-DF35-4810-BB6E-AC39E199A9E5}.Release|x86.Build.0 = Release|Win32
		{18A09B61-5CED-4BF7-A3F7-CDCAD294D474}.Debug|x64.ActiveCfg = Debug|x64
		{18A09B61-5CED-4BF7-A3F7-CDCAD294D474}.Debug|x64.Build.0 = Debug|x64
		{18A09B61-5CED-4BF7-A3F7-CDCAD294D474}.Debug|x86.ActiveCfg = Debug|Win32
		{18A09B61-5CED-4BF7-A3F7-CDCAD294D474}.Debug|x86.Build.0 = Debug|Win32
		{18A09B61-5CED-4BF7-A3F7-CDCAD294D474}.Release|x64.ActiveCfg = Release|x64
		{18A09B61-5CED-4BF7-A3F7-CDCAD294D474}.Release|x64.Build.0 = Release|x64
		{18A09B61-5CED-4BF7-A3F7-CDCAD294D474}.Release|x86.ActiveCfg = Release|Win32
		{18A09B61-5CED-4BF7-A3F7-CDCAD294D474}.Release|x86.Build.0 = Release|Win32
	EndGlobalSection
	GlobalSection(SolutionProperties) = preSolution
		HideSolutionNode = FALSE
	EndGlobalSection
	GlobalSection(ExtensibilityGlobals) = postSolution
		SolutionGuid = {8AB8BFA2-5803-4E15-8DFC-E6FDE3DBA1A5}
	EndGlobalSection
EndGlobal
